
Microsoft Visual Studio Solution File, Format Version 12.00
# Visual Studio 15
Project("{FAE04EC0-301F-11D3-BF4B-00C04F79EFBC}") = "Assembly-CSharp-firstpass", "Assembly-CSharp-firstpass.csproj", "{F0A85CDF-4C35-11A8-C659-7A00E4BCF446}"
EndProject
Project("{FAE04EC0-301F-11D3-BF4B-00C04F79EFBC}") = "Assembly-CSharp-Editor", "Assembly-CSharp-Editor.csproj", "{04067BD3-D34F-C11D-F18A-E4C0A1FC76F1}"
EndProject
Project("{FAE04EC0-301F-11D3-BF4B-00C04F79EFBC}") = "Assembly-CSharp", "Assembly-CSharp.csproj", "{C73B63A6-56D5-EC09-71B4-1A3D8E01DBCB}"
EndProject
Project("{FAE04EC0-301F-11D3-BF4B-00C04F79EFBC}") = "Plugins.BackgroundRecompiler.Editor", "Plugins.BackgroundRecompiler.Editor.csproj", "{133EDF35-53C6-47DD-1608-3FEE8A94170D}"
EndProject
Global
	GlobalSection(SolutionConfigurationPlatforms) = preSolution
		Debug|Any CPU = Debug|Any CPU
		Release|Any CPU = Release|Any CPU
	EndGlobalSection
	GlobalSection(ProjectConfigurationPlatforms) = postSolution
		{F0A85CDF-4C35-11A8-C659-7A00E4BCF446}.Debug|Any CPU.ActiveCfg = Debug|Any CPU
		{F0A85CDF-4C35-11A8-C659-7A00E4BCF446}.Debug|Any CPU.Build.0 = Debug|Any CPU
		{F0A85CDF-4C35-11A8-C659-7A00E4BCF446}.Release|Any CPU.ActiveCfg = Release|Any CPU
		{F0A85CDF-4C35-11A8-C659-7A00E4BCF446}.Release|Any CPU.Build.0 = Release|Any CPU
		{04067BD3-D34F-C11D-F18A-E4C0A1FC76F1}.Debug|Any CPU.ActiveCfg = Debug|Any CPU
		{04067BD3-D34F-C11D-F18A-E4C0A1FC76F1}.Debug|Any CPU.Build.0 = Debug|Any CPU
		{04067BD3-D34F-C11D-F18A-E4C0A1FC76F1}.Release|Any CPU.ActiveCfg = Release|Any CPU
		{04067BD3-D34F-C11D-F18A-E4C0A1FC76F1}.Release|Any CPU.Build.0 = Release|Any CPU
		{C73B63A6-56D5-EC09-71B4-1A3D8E01DBCB}.Debug|Any CPU.ActiveCfg = Debug|Any CPU
		{C73B63A6-56D5-EC09-71B4-1A3D8E01DBCB}.Debug|Any CPU.Build.0 = Debug|Any CPU
		{C73B63A6-56D5-EC09-71B4-1A3D8E01DBCB}.Release|Any CPU.ActiveCfg = Release|Any CPU
		{C73B63A6-56D5-EC09-71B4-1A3D8E01DBCB}.Release|Any CPU.Build.0 = Release|Any CPU
		{133EDF35-53C6-47DD-1608-3FEE8A94170D}.Debug|Any CPU.ActiveCfg = Debug|Any CPU
		{133EDF35-53C6-47DD-1608-3FEE8A94170D}.Debug|Any CPU.Build.0 = Debug|Any CPU
		{133EDF35-53C6-47DD-1608-3FEE8A94170D}.Release|Any CPU.ActiveCfg = Release|Any CPU
		{133EDF35-53C6-47DD-1608-3FEE8A94170D}.Release|Any CPU.Build.0 = Release|Any CPU
	EndGlobalSection
	GlobalSection(SolutionProperties) = preSolution
		HideSolutionNode = FALSE
	EndGlobalSection
EndGlobal
