
Microsoft Visual Studio Solution File, Format Version 12.00
# Visual Studio 15
Project("{FAE04EC0-301F-11D3-BF4B-00C04F79EFBC}") = "IngameDebugConsole.Runtime", "IngameDebugConsole.Runtime.csproj", "{E1273279-6B68-B75B-F013-5CAEA8BD9046}"
EndProject
Project("{FAE04EC0-301F-11D3-BF4B-00C04F79EFBC}") = "Assembly-CSharp", "Assembly-CSharp.csproj", "{DB9EF688-1303-8531-3048-8D235E6E5327}"
EndProject
Project("{FAE04EC0-301F-11D3-BF4B-00C04F79EFBC}") = "Assembly-CSharp-firstpass", "Assembly-CSharp-firstpass.csproj", "{9CEFD2E4-F7A0-CD58-B369-87A8C29B34E4}"
EndProject
Project("{FAE04EC0-301F-11D3-BF4B-00C04F79EFBC}") = "Assembly-CSharp-Editor", "Assembly-CSharp-Editor.csproj", "{98BF929B-5607-EF7B-3377-BD2AE00DF1DE}"
EndProject
Project("{FAE04EC0-301F-11D3-BF4B-00C04F79EFBC}") = "Wingman", "Wingman.csproj", "{0538456A-323B-CFFB-03F7-7139D1C489C9}"
EndProject
Project("{FAE04EC0-301F-11D3-BF4B-00C04F79EFBC}") = "IngameDebugConsole.Editor", "IngameDebugConsole.Editor.csproj", "{5CCCB3F3-28E8-5F92-74F3-414BCCC78630}"
EndProject
Project("{FAE04EC0-301F-11D3-BF4B-00C04F79EFBC}") = "Plugins.BackgroundRecompiler.Editor", "Plugins.BackgroundRecompiler.Editor.csproj", "{E8AD095E-0C50-6A9B-EE0D-6A5A7452E237}"
EndProject
Global
	GlobalSection(SolutionConfigurationPlatforms) = preSolution
		Debug|Any CPU = Debug|Any CPU
		Release|Any CPU = Release|Any CPU
	EndGlobalSection
	GlobalSection(ProjectConfigurationPlatforms) = postSolution
		{E1273279-6B68-B75B-F013-5CAEA8BD9046}.Debug|Any CPU.ActiveCfg = Debug|Any CPU
		{E1273279-6B68-B75B-F013-5CAEA8BD9046}.Debug|Any CPU.Build.0 = Debug|Any CPU
		{E1273279-6B68-B75B-F013-5CAEA8BD9046}.Release|Any CPU.ActiveCfg = Release|Any CPU
		{E1273279-6B68-B75B-F013-5CAEA8BD9046}.Release|Any CPU.Build.0 = Release|Any CPU
		{DB9EF688-1303-8531-3048-8D235E6E5327}.Debug|Any CPU.ActiveCfg = Debug|Any CPU
		{DB9EF688-1303-8531-3048-8D235E6E5327}.Debug|Any CPU.Build.0 = Debug|Any CPU
		{DB9EF688-1303-8531-3048-8D235E6E5327}.Release|Any CPU.ActiveCfg = Release|Any CPU
		{DB9EF688-1303-8531-3048-8D235E6E5327}.Release|Any CPU.Build.0 = Release|Any CPU
		{9CEFD2E4-F7A0-CD58-B369-87A8C29B34E4}.Debug|Any CPU.ActiveCfg = Debug|Any CPU
		{9CEFD2E4-F7A0-CD58-B369-87A8C29B34E4}.Debug|Any CPU.Build.0 = Debug|Any CPU
		{9CEFD2E4-F7A0-CD58-B369-87A8C29B34E4}.Release|Any CPU.ActiveCfg = Release|Any CPU
		{9CEFD2E4-F7A0-CD58-B369-87A8C29B34E4}.Release|Any CPU.Build.0 = Release|Any CPU
		{98BF929B-5607-EF7B-3377-BD2AE00DF1DE}.Debug|Any CPU.ActiveCfg = Debug|Any CPU
		{98BF929B-5607-EF7B-3377-BD2AE00DF1DE}.Debug|Any CPU.Build.0 = Debug|Any CPU
		{98BF929B-5607-EF7B-3377-BD2AE00DF1DE}.Release|Any CPU.ActiveCfg = Release|Any CPU
		{98BF929B-5607-EF7B-3377-BD2AE00DF1DE}.Release|Any CPU.Build.0 = Release|Any CPU
		{0538456A-323B-CFFB-03F7-7139D1C489C9}.Debug|Any CPU.ActiveCfg = Debug|Any CPU
		{0538456A-323B-CFFB-03F7-7139D1C489C9}.Debug|Any CPU.Build.0 = Debug|Any CPU
		{0538456A-323B-CFFB-03F7-7139D1C489C9}.Release|Any CPU.ActiveCfg = Release|Any CPU
		{0538456A-323B-CFFB-03F7-7139D1C489C9}.Release|Any CPU.Build.0 = Release|Any CPU
		{5CCCB3F3-28E8-5F92-74F3-414BCCC78630}.Debug|Any CPU.ActiveCfg = Debug|Any CPU
		{5CCCB3F3-28E8-5F92-74F3-414BCCC78630}.Debug|Any CPU.Build.0 = Debug|Any CPU
		{5CCCB3F3-28E8-5F92-74F3-414BCCC78630}.Release|Any CPU.ActiveCfg = Release|Any CPU
		{5CCCB3F3-28E8-5F92-74F3-414BCCC78630}.Release|Any CPU.Build.0 = Release|Any CPU
		{E8AD095E-0C50-6A9B-EE0D-6A5A7452E237}.Debug|Any CPU.ActiveCfg = Debug|Any CPU
		{E8AD095E-0C50-6A9B-EE0D-6A5A7452E237}.Debug|Any CPU.Build.0 = Debug|Any CPU
		{E8AD095E-0C50-6A9B-EE0D-6A5A7452E237}.Release|Any CPU.ActiveCfg = Release|Any CPU
		{E8AD095E-0C50-6A9B-EE0D-6A5A7452E237}.Release|Any CPU.Build.0 = Release|Any CPU
	EndGlobalSection
	GlobalSection(SolutionProperties) = preSolution
		HideSolutionNode = FALSE
	EndGlobalSection
EndGlobal
